
Microsoft Visual Studio Solution File, Format Version 12.00
# Visual Studio Version 17
VisualStudioVersion = 17.7.34031.279
MinimumVisualStudioVersion = 10.0.40219.1
Project("{8BC9CEB8-8B4A-11D0-8D11-00A0C91BC942}") = "MultiFiles", "MultiFiles.vcxproj", "{21D1C74E-566A-4075-9145-B17F336AA96D}"
EndProject
Project("{8BC9CEB8-8B4A-11D0-8D11-00A0C91BC942}") = "MultiFiles_MergerByCPP", "..\MultiFiles_MergerByCPP\MultiFiles_MergerByCPP.vcxproj", "{6604B621-F9D8-4AFE-982F-81813A7A6DB7}"
	ProjectSection(ProjectDependencies) = postProject
		{21D1C74E-566A-4075-9145-B17F336AA96D} = {21D1C74E-566A-4075-9145-B17F336AA96D}
	EndProjectSection
EndProject
Global
	GlobalSection(SolutionConfigurationPlatforms) = preSolution
		Debug|x64 = Debug|x64
		Debug|x86 = Debug|x86
		Release|x64 = Release|x64
		Release|x86 = Release|x86
	EndGlobalSection
	GlobalSection(ProjectConfigurationPlatforms) = postSolution
		{21D1C74E-566A-4075-9145-B17F336AA96D}.Debug|x64.ActiveCfg = Debug|x64
		{21D1C74E-566A-4075-9145-B17F336AA96D}.Debug|x64.Build.0 = Debug|x64
		{21D1C74E-566A-4075-9145-B17F336AA96D}.Debug|x86.ActiveCfg = Debug|Win32
		{21D1C74E-566A-4075-9145-B17F336AA96D}.Debug|x86.Build.0 = Debug|Win32
		{21D1C74E-566A-4075-9145-B17F336AA96D}.Release|x64.ActiveCfg = Release|x64
		{21D1C74E-566A-4075-9145-B17F336AA96D}.Release|x64.Build.0 = Release|x64
		{21D1C74E-566A-4075-9145-B17F336AA96D}.Release|x86.ActiveCfg = Release|Win32
		{21D1C74E-566A-4075-9145-B17F336AA96D}.Release|x86.Build.0 = Release|Win32
		{6604B621-F9D8-4AFE-982F-81813A7A6DB7}.Debug|x64.ActiveCfg = Debug|x64
		{6604B621-F9D8-4AFE-982F-81813A7A6DB7}.Debug|x64.Build.0 = Debug|x64
		{6604B621-F9D8-4AFE-982F-81813A7A6DB7}.Debug|x86.ActiveCfg = Debug|Win32
		{6604B621-F9D8-4AFE-982F-81813A7A6DB7}.Debug|x86.Build.0 = Debug|Win32
		{6604B621-F9D8-4AFE-982F-81813A7A6DB7}.Release|x64.ActiveCfg = Release|x64
		{6604B621-F9D8-4AFE-982F-81813A7A6DB7}.Release|x64.Build.0 = Release|x64
		{6604B621-F9D8-4AFE-982F-81813A7A6DB7}.Release|x86.ActiveCfg = Release|Win32
		{6604B621-F9D8-4AFE-982F-81813A7A6DB7}.Release|x86.Build.0 = Release|Win32
	EndGlobalSection
	GlobalSection(SolutionProperties) = preSolution
		HideSolutionNode = FALSE
	EndGlobalSection
	GlobalSection(ExtensibilityGlobals) = postSolution
		SolutionGuid = {6C276ADF-BAE5-41AD-96E6-78D5DF402DE8}
	EndGlobalSection
EndGlobal
